
Microsoft Visual Studio Solution File, Format Version 12.00
# Visual Studio 15
VisualStudioVersion = 15.0.28307.106
MinimumVisualStudioVersion = 10.0.40219.1
Project("{F184B08F-C81C-45F6-A57F-5ABD9991F28F}") = "Bwl.Storage.DiskLowLevel", "Bwl.Storage.DiskLowLevel\Bwl.Storage.DiskLowLevel.vbproj", "{F969013F-346A-42AB-B3E4-C954AD987DF8}"
EndProject
Project("{F184B08F-C81C-45F6-A57F-5ABD9991F28F}") = "Bwl.Systems.Disks.MBRInstaller", "Bwl.Storage.DiskLowLevel.MBR\Bwl.Systems.Disks.MBRInstaller.vbproj", "{7440830B-CA41-4F3B-8613-1E8E10FE203F}"
EndProject
Global
	GlobalSection(SolutionConfigurationPlatforms) = preSolution
		Debug|Any CPU = Debug|Any CPU
		Debug|x86 = Debug|x86
		Release|Any CPU = Release|Any CPU
		Release|x86 = Release|x86
	EndGlobalSection
	GlobalSection(ProjectConfigurationPlatforms) = postSolution
		{F969013F-346A-42AB-B3E4-C954AD987DF8}.Debug|Any CPU.ActiveCfg = Debug|Any CPU
		{F969013F-346A-42AB-B3E4-C954AD987DF8}.Debug|Any CPU.Build.0 = Debug|Any CPU
		{F969013F-346A-42AB-B3E4-C954AD987DF8}.Debug|x86.ActiveCfg = Debug|Any CPU
		{F969013F-346A-42AB-B3E4-C954AD987DF8}.Debug|x86.Build.0 = Debug|Any CPU
		{F969013F-346A-42AB-B3E4-C954AD987DF8}.Release|Any CPU.ActiveCfg = Release|Any CPU
		{F969013F-346A-42AB-B3E4-C954AD987DF8}.Release|Any CPU.Build.0 = Release|Any CPU
		{F969013F-346A-42AB-B3E4-C954AD987DF8}.Release|x86.ActiveCfg = Release|Any CPU
		{F969013F-346A-42AB-B3E4-C954AD987DF8}.Release|x86.Build.0 = Release|Any CPU
		{7440830B-CA41-4F3B-8613-1E8E10FE203F}.Debug|Any CPU.ActiveCfg = Debug|x86
		{7440830B-CA41-4F3B-8613-1E8E10FE203F}.Debug|Any CPU.Build.0 = Debug|x86
		{7440830B-CA41-4F3B-8613-1E8E10FE203F}.Debug|x86.ActiveCfg = Debug|x86
		{7440830B-CA41-4F3B-8613-1E8E10FE203F}.Debug|x86.Build.0 = Debug|x86
		{7440830B-CA41-4F3B-8613-1E8E10FE203F}.Release|Any CPU.ActiveCfg = Release|x86
		{7440830B-CA41-4F3B-8613-1E8E10FE203F}.Release|x86.ActiveCfg = Release|x86
		{7440830B-CA41-4F3B-8613-1E8E10FE203F}.Release|x86.Build.0 = Release|x86
	EndGlobalSection
	GlobalSection(SolutionProperties) = preSolution
		HideSolutionNode = FALSE
	EndGlobalSection
	GlobalSection(ExtensibilityGlobals) = postSolution
		SolutionGuid = {1DBDA363-A7E6-4E4B-8D0C-29A44EED6635}
	EndGlobalSection
EndGlobal
